
Microsoft Visual Studio Solution File, Format Version 12.00
# Visual Studio 14
VisualStudioVersion = 14.0.24720.0
MinimumVisualStudioVersion = 10.0.40219.1
Project("{F2A71F9B-5D33-465A-A702-920D77279786}") = "EulerFs.Solutions", "EulerFs.Solutions\EulerFs.Solutions.fsproj", "{382F761C-2C95-45C4-A9F3-09D2EBD6F820}"
EndProject
Project("{F2A71F9B-5D33-465A-A702-920D77279786}") = "EulerFs.Common", "EulerFs.Common\EulerFs.Common.fsproj", "{D4D6B08A-DAE0-4498-9301-CED6099A9842}"
EndProject
Project("{FAE04EC0-301F-11D3-BF4B-00C04F79EFBC}") = "EulerFs.CsTests", "EulerFs.CsTests\EulerFs.CsTests.csproj", "{292C735E-C671-496D-93D1-17B997A0DD7B}"
EndProject
Global
	GlobalSection(SolutionConfigurationPlatforms) = preSolution
		Debug|Any CPU = Debug|Any CPU
		Release|Any CPU = Release|Any CPU
	EndGlobalSection
	GlobalSection(ProjectConfigurationPlatforms) = postSolution
		{382F761C-2C95-45C4-A9F3-09D2EBD6F820}.Debug|Any CPU.ActiveCfg = Debug|Any CPU
		{382F761C-2C95-45C4-A9F3-09D2EBD6F820}.Debug|Any CPU.Build.0 = Debug|Any CPU
		{382F761C-2C95-45C4-A9F3-09D2EBD6F820}.Release|Any CPU.ActiveCfg = Release|Any CPU
		{382F761C-2C95-45C4-A9F3-09D2EBD6F820}.Release|Any CPU.Build.0 = Release|Any CPU
		{D4D6B08A-DAE0-4498-9301-CED6099A9842}.Debug|Any CPU.ActiveCfg = Debug|Any CPU
		{D4D6B08A-DAE0-4498-9301-CED6099A9842}.Debug|Any CPU.Build.0 = Debug|Any CPU
		{D4D6B08A-DAE0-4498-9301-CED6099A9842}.Release|Any CPU.ActiveCfg = Release|Any CPU
		{D4D6B08A-DAE0-4498-9301-CED6099A9842}.Release|Any CPU.Build.0 = Release|Any CPU
		{292C735E-C671-496D-93D1-17B997A0DD7B}.Debug|Any CPU.ActiveCfg = Debug|Any CPU
		{292C735E-C671-496D-93D1-17B997A0DD7B}.Debug|Any CPU.Build.0 = Debug|Any CPU
		{292C735E-C671-496D-93D1-17B997A0DD7B}.Release|Any CPU.ActiveCfg = Release|Any CPU
		{292C735E-C671-496D-93D1-17B997A0DD7B}.Release|Any CPU.Build.0 = Release|Any CPU
	EndGlobalSection
	GlobalSection(SolutionProperties) = preSolution
		HideSolutionNode = FALSE
	EndGlobalSection
EndGlobal
